
Microsoft Visual Studio Solution File, Format Version 12.00
# Visual Studio 2013
VisualStudioVersion = 12.0.21005.1
MinimumVisualStudioVersion = 10.0.40219.1
Project("{FAE04EC0-301F-11D3-BF4B-00C04F79EFBC}") = "SymbolTree", "SymbolTree\SymbolTree.csproj", "{EF109B19-72CC-4D8F-846E-5451A33B0534}"
EndProject
Project("{FAE04EC0-301F-11D3-BF4B-00C04F79EFBC}") = "TreeAssignTest", "TreeAssignTest\TreeAssignTest.csproj", "{191ADE1D-70E1-4FE9-AC5D-BC4B94A2E340}"
EndProject
Global
	GlobalSection(SolutionConfigurationPlatforms) = preSolution
		Debug|Any CPU = Debug|Any CPU
		Release|Any CPU = Release|Any CPU
	EndGlobalSection
	GlobalSection(ProjectConfigurationPlatforms) = postSolution
		{EF109B19-72CC-4D8F-846E-5451A33B0534}.Debug|Any CPU.ActiveCfg = Debug|Any CPU
		{EF109B19-72CC-4D8F-846E-5451A33B0534}.Debug|Any CPU.Build.0 = Debug|Any CPU
		{EF109B19-72CC-4D8F-846E-5451A33B0534}.Release|Any CPU.ActiveCfg = Release|Any CPU
		{EF109B19-72CC-4D8F-846E-5451A33B0534}.Release|Any CPU.Build.0 = Release|Any CPU
		{191ADE1D-70E1-4FE9-AC5D-BC4B94A2E340}.Debug|Any CPU.ActiveCfg = Debug|Any CPU
		{191ADE1D-70E1-4FE9-AC5D-BC4B94A2E340}.Debug|Any CPU.Build.0 = Debug|Any CPU
		{191ADE1D-70E1-4FE9-AC5D-BC4B94A2E340}.Release|Any CPU.ActiveCfg = Release|Any CPU
		{191ADE1D-70E1-4FE9-AC5D-BC4B94A2E340}.Release|Any CPU.Build.0 = Release|Any CPU
	EndGlobalSection
	GlobalSection(SolutionProperties) = preSolution
		HideSolutionNode = FALSE
	EndGlobalSection
EndGlobal
